
Microsoft Visual Studio Solution File, Format Version 12.00
# Visual Studio Version 16
VisualStudioVersion = 16.0.32228.343
MinimumVisualStudioVersion = 10.0.40219.1
Project("{FAE04EC0-301F-11D3-BF4B-00C04F79EFBC}") = "PracticeCoreApp", "PracticeCoreApp.csproj", "{28E8CD29-5343-47EA-A4E9-257BCA585113}"
EndProject
Global
	GlobalSection(SolutionConfigurationPlatforms) = preSolution
		Debug|Any CPU = Debug|Any CPU
		Release|Any CPU = Release|Any CPU
	EndGlobalSection
	GlobalSection(ProjectConfigurationPlatforms) = postSolution
		{28E8CD29-5343-47EA-A4E9-257BCA585113}.Debug|Any CPU.ActiveCfg = Debug|Any CPU
		{28E8CD29-5343-47EA-A4E9-257BCA585113}.Debug|Any CPU.Build.0 = Debug|Any CPU
		{28E8CD29-5343-47EA-A4E9-257BCA585113}.Release|Any CPU.ActiveCfg = Release|Any CPU
		{28E8CD29-5343-47EA-A4E9-257BCA585113}.Release|Any CPU.Build.0 = Release|Any CPU
	EndGlobalSection
	GlobalSection(SolutionProperties) = preSolution
		HideSolutionNode = FALSE
	EndGlobalSection
	GlobalSection(ExtensibilityGlobals) = postSolution
		SolutionGuid = {0E8E551C-83A6-4E6A-8EC9-713C39E9EBA5}
	EndGlobalSection
EndGlobal
